Microsoft Visual Studio Solution File, Format Version 12.00
# Visual Studio Version 17
VisualStudioVersion = 17.5.2.0
MinimumVisualStudioVersion = 10.0.40219.1
Project("{FAE04EC0-301F-11D3-BF4B-00C04F79EFBC}") = "Books.App.Docker", "Books.App.Docker.csproj", "{51708F7A-2D2C-0D00-3E56-253812CFB01E}"
EndProject
Global
	GlobalSection(SolutionConfigurationPlatforms) = preSolution
		Debug|Any CPU = Debug|Any CPU
		Release|Any CPU = Release|Any CPU
	EndGlobalSection
	GlobalSection(ProjectConfigurationPlatforms) = postSolution
		{51708F7A-2D2C-0D00-3E56-253812CFB01E}.Debug|Any CPU.ActiveCfg = Debug|Any CPU
		{51708F7A-2D2C-0D00-3E56-253812CFB01E}.Debug|Any CPU.Build.0 = Debug|Any CPU
		{51708F7A-2D2C-0D00-3E56-253812CFB01E}.Release|Any CPU.ActiveCfg = Release|Any CPU
		{51708F7A-2D2C-0D00-3E56-253812CFB01E}.Release|Any CPU.Build.0 = Release|Any CPU
	EndGlobalSection
	GlobalSection(SolutionProperties) = preSolution
		HideSolutionNode = FALSE
	EndGlobalSection
	GlobalSection(ExtensibilityGlobals) = postSolution
		SolutionGuid = {9ED61998-8E42-4797-BEAD-33BA433814B4}
	EndGlobalSection
EndGlobal
